
Microsoft Visual Studio Solution File, Format Version 12.00
# Visual Studio Version 17
VisualStudioVersion = 17.9.34714.143
MinimumVisualStudioVersion = 10.0.40219.1
Project("{FAE04EC0-301F-11D3-BF4B-00C04F79EFBC}") = "LaOcaHost", "LaOcaHost\LaOcaHost.csproj", "{68A672E1-7D62-4355-9A3A-57227FD059EB}"
EndProject
Project("{FAE04EC0-301F-11D3-BF4B-00C04F79EFBC}") = "LaOcaService", "LaOcaService\LaOcaService.csproj", "{0FCC0477-3A05-4D2F-8526-33252F12D2D0}"
EndProject
Project("{FAE04EC0-301F-11D3-BF4B-00C04F79EFBC}") = "LaOcaDataAccess", "LaOcaDataAccess\LaOcaDataAccess.csproj", "{44E81760-C364-4F76-870A-1BCC9DDBB13D}"
EndProject
Global
	GlobalSection(SolutionConfigurationPlatforms) = preSolution
		Debug|Any CPU = Debug|Any CPU
		Release|Any CPU = Release|Any CPU
	EndGlobalSection
	GlobalSection(ProjectConfigurationPlatforms) = postSolution
		{68A672E1-7D62-4355-9A3A-57227FD059EB}.Debug|Any CPU.ActiveCfg = Debug|Any CPU
		{68A672E1-7D62-4355-9A3A-57227FD059EB}.Debug|Any CPU.Build.0 = Debug|Any CPU
		{68A672E1-7D62-4355-9A3A-57227FD059EB}.Release|Any CPU.ActiveCfg = Release|Any CPU
		{68A672E1-7D62-4355-9A3A-57227FD059EB}.Release|Any CPU.Build.0 = Release|Any CPU
		{0FCC0477-3A05-4D2F-8526-33252F12D2D0}.Debug|Any CPU.ActiveCfg = Debug|Any CPU
		{0FCC0477-3A05-4D2F-8526-33252F12D2D0}.Debug|Any CPU.Build.0 = Debug|Any CPU
		{0FCC0477-3A05-4D2F-8526-33252F12D2D0}.Release|Any CPU.ActiveCfg = Release|Any CPU
		{0FCC0477-3A05-4D2F-8526-33252F12D2D0}.Release|Any CPU.Build.0 = Release|Any CPU
		{44E81760-C364-4F76-870A-1BCC9DDBB13D}.Debug|Any CPU.ActiveCfg = Debug|Any CPU
		{44E81760-C364-4F76-870A-1BCC9DDBB13D}.Debug|Any CPU.Build.0 = Debug|Any CPU
		{44E81760-C364-4F76-870A-1BCC9DDBB13D}.Release|Any CPU.ActiveCfg = Release|Any CPU
		{44E81760-C364-4F76-870A-1BCC9DDBB13D}.Release|Any CPU.Build.0 = Release|Any CPU
	EndGlobalSection
	GlobalSection(SolutionProperties) = preSolution
		HideSolutionNode = FALSE
	EndGlobalSection
	GlobalSection(ExtensibilityGlobals) = postSolution
		SolutionGuid = {F4164F4F-A8AD-401E-9607-3ACA591B3B58}
	EndGlobalSection
EndGlobal
